lockfileVersion: '9.0'

settings:
  autoInstallPeers: true
  excludeLinksFromLockfile: false

importers:

  .:
    dependencies:
      es-toolkit:
        specifier: ^1.37.2
        version: 1.37.2

packages:

  es-toolkit@1.37.2:
    resolution: {integrity: sha512-ADDfk+pPFF0ofMpRAIc6on01p8heiuwuuJsYLzTP4UOjxVK9QsE2+0D1Q4J/zX2XBo6ac+27H5++YBIwmGAX/g==}

snapshots:

  es-toolkit@1.37.2: {}
